
Microsoft Visual Studio Solution File, Format Version 12.00
# Visual Studio Version 17
VisualStudioVersion = 17.11.35303.130
MinimumVisualStudioVersion = 10.0.40219.1
Project("{FAE04EC0-301F-11D3-BF4B-00C04F79EFBC}") = "LoadingData", "LoadingData\LoadingData.csproj", "{9087657C-E00F-4A67-B5C2-26E249FF710D}"
EndProject
Global
	GlobalSection(SolutionConfigurationPlatforms) = preSolution
		Debug|Any CPU = Debug|Any CPU
		Release|Any CPU = Release|Any CPU
	EndGlobalSection
	GlobalSection(ProjectConfigurationPlatforms) = postSolution
		{9087657C-E00F-4A67-B5C2-26E249FF710D}.Debug|Any CPU.ActiveCfg = Debug|Any CPU
		{9087657C-E00F-4A67-B5C2-26E249FF710D}.Debug|Any CPU.Build.0 = Debug|Any CPU
		{9087657C-E00F-4A67-B5C2-26E249FF710D}.Release|Any CPU.ActiveCfg = Release|Any CPU
		{9087657C-E00F-4A67-B5C2-26E249FF710D}.Release|Any CPU.Build.0 = Release|Any CPU
	EndGlobalSection
	GlobalSection(SolutionProperties) = preSolution
		HideSolutionNode = FALSE
	EndGlobalSection
	GlobalSection(ExtensibilityGlobals) = postSolution
		SolutionGuid = {55F7FD97-E6F8-4AB4-97C2-AB9096C98726}
	EndGlobalSection
EndGlobal
